PODS:
  - cx_demo (0.3.0):
    - cx_demo/Image_Browser (= 0.3.0)
    - cx_demo/YSLog (= 0.3.0)
  - cx_demo/Image_Browser (0.3.0)
  - cx_demo/YSLog (0.3.0)

DEPENDENCIES:
  - cx_demo (from `../`)

EXTERNAL SOURCES:
  cx_demo:
    :path: "../"

SPEC CHECKSUMS:
  cx_demo: 0b5feba76182663e82c11fd9259eba1847d652f5

PODFILE CHECKSUM: 6dd75af0149f3e547c45f0a762a6cf697748eff4

COCOAPODS: 1.8.4
